github.com/eclipse/paho.mqtt.golang v1.4.3 h1:2kwcUGn8seMUfWndX0hGbvH8r7crgcJguQNCyp70xik=
github.com/eclipse/paho.mqtt.golang v1.4.3/go.mod h1:CSYvoAlsMkhYOXh/oKyxa8EcBci6dVkLCbo5tTC1RIE=
github.com/gorilla/websocket v1.5.0 h1:PPwGk2jz7EePpoHN/+ClbZu8SPxiqlu12wZP/3sWmnc=
github.com/gorilla/websocket v1.5.0/go.mod h1:YR8l580nyteQvAITg2hZ9XVh4b55+EU/adAjf1fMHhE=
github.com/oneliang/util-golang/constants v0.0.0-20240424080518-b855d0299252 h1:Xy3TUnk2yq4MMu4a5Tep7QXqxtZpNY1tc6axAhgjRQs=
github.com/oneliang/util-golang/constants v0.0.0-20240424080518-b855d0299252/go.mod h1:IOW6dE1rurRnycJKY7IJYuCOAk5yrZ2m2aFqaCW08b8=
github.com/oneliang/util-golang/logging_ext v0.0.0-20240424080518-b855d0299252 h1:KzNpbgOq2YlJZmppXhFrwR+Q+oWhUmIWlbGQlRNhtcE=
github.com/oneliang/util-golang/logging_ext v0.0.0-20240424080518-b855d0299252/go.mod h1:jzKd8hOKNvxbOmx1G+ukhivbEdUMApeDkLhTckuraB4=
golang.org/x/net v0.24.0 h1:1PcaxkF854Fu3+lvBIx5SYn9wRlBzzcnHZSiaFFAb0w=
golang.org/x/net v0.24.0/go.mod h1:2Q7sJY5mzlzWjKtYUEXSlBWCdyaioyXzRB2RtU8KVE8=
golang.org/x/sync v0.1.0 h1:wsuoTGHzEhffawBOhz5CYhcrV4IdKZbEyZjBMuTp12o=
golang.org/x/sync v0.1.0/go.mod h1:RxMgew5VJxzue5/jJTE5uejpjVlOe/izrB70Jof72aM=
